
Microsoft Visual Studio Solution File, Format Version 12.00
# Visual Studio Version 16
VisualStudioVersion = 16.0.29411.108
MinimumVisualStudioVersion = 10.0.40219.1
Project("{888888A0-9F3D-457C-B088-3A5042F75D52}") = "BirdFinder", "BirdFinder\BirdFinder.pyproj", "{AF89DF1B-3F8A-4545-8181-607E0FCE7EFC}"
EndProject
Global
	GlobalSection(SolutionConfigurationPlatforms) = preSolution
		Debug|Any CPU = Debug|Any CPU
		Release|Any CPU = Release|Any CPU
	EndGlobalSection
	GlobalSection(ProjectConfigurationPlatforms) = postSolution
		{AF89DF1B-3F8A-4545-8181-607E0FCE7EFC}.Debug|Any CPU.ActiveCfg = Debug|Any CPU
		{AF89DF1B-3F8A-4545-8181-607E0FCE7EFC}.Release|Any CPU.ActiveCfg = Release|Any CPU
	EndGlobalSection
	GlobalSection(SolutionProperties) = preSolution
		HideSolutionNode = FALSE
	EndGlobalSection
	GlobalSection(ExtensibilityGlobals) = postSolution
		SolutionGuid = {83555F35-6A8F-4DB9-9355-7D7C36170235}
	EndGlobalSection
EndGlobal
